
Microsoft Visual Studio Solution File, Format Version 12.00
# Visual Studio 15
VisualStudioVersion = 15.0.26430.16
MinimumVisualStudioVersion = 10.0.40219.1
Project("{FAE04EC0-301F-11D3-BF4B-00C04F79EFBC}") = "Move_Files", "Move_Files\Move_Files.csproj", "{1E8D6EA0-59D7-43EB-8E05-182ED049C7AF}"
EndProject
Global
	GlobalSection(SolutionConfigurationPlatforms) = preSolution
		Debug|Any CPU = Debug|Any CPU
		Release|Any CPU = Release|Any CPU
	EndGlobalSection
	GlobalSection(ProjectConfigurationPlatforms) = postSolution
		{1E8D6EA0-59D7-43EB-8E05-182ED049C7AF}.Debug|Any CPU.ActiveCfg = Debug|Any CPU
		{1E8D6EA0-59D7-43EB-8E05-182ED049C7AF}.Debug|Any CPU.Build.0 = Debug|Any CPU
		{1E8D6EA0-59D7-43EB-8E05-182ED049C7AF}.Release|Any CPU.ActiveCfg = Release|Any CPU
		{1E8D6EA0-59D7-43EB-8E05-182ED049C7AF}.Release|Any CPU.Build.0 = Release|Any CPU
	EndGlobalSection
	GlobalSection(SolutionProperties) = preSolution
		HideSolutionNode = FALSE
	EndGlobalSection
EndGlobal
